
Microsoft Visual Studio Solution File, Format Version 12.00
# Visual Studio Version 17
VisualStudioVersion = 17.7.34003.232
MinimumVisualStudioVersion = 10.0.40219.1
Project("{FAE04EC0-301F-11D3-BF4B-00C04F79EFBC}") = "Lists_Mcvey_Zander", "Lists_Mcvey_Zander.csproj", "{38B74333-F512-4D20-81EC-485D96797201}"
EndProject
Global
	GlobalSection(SolutionConfigurationPlatforms) = preSolution
		Debug|Any CPU = Debug|Any CPU
		Release|Any CPU = Release|Any CPU
	EndGlobalSection
	GlobalSection(ProjectConfigurationPlatforms) = postSolution
		{38B74333-F512-4D20-81EC-485D96797201}.Debug|Any CPU.ActiveCfg = Debug|Any CPU
		{38B74333-F512-4D20-81EC-485D96797201}.Debug|Any CPU.Build.0 = Debug|Any CPU
		{38B74333-F512-4D20-81EC-485D96797201}.Release|Any CPU.ActiveCfg = Release|Any CPU
		{38B74333-F512-4D20-81EC-485D96797201}.Release|Any CPU.Build.0 = Release|Any CPU
	EndGlobalSection
	GlobalSection(SolutionProperties) = preSolution
		HideSolutionNode = FALSE
	EndGlobalSection
	GlobalSection(ExtensibilityGlobals) = postSolution
		SolutionGuid = {488BCBB3-60FC-4BD5-B764-C42CADCFDB32}
	EndGlobalSection
EndGlobal
